
Microsoft Visual Studio Solution File, Format Version 12.00
# Visual Studio 15
VisualStudioVersion = 15.0.28307.902
MinimumVisualStudioVersion = 10.0.40219.1
Project("{FAE04EC0-301F-11D3-BF4B-00C04F79EFBC}") = "001_Practicas", "001_Practicas\001_Practicas.csproj", "{F8D9E95E-3965-4736-AD7B-CD375A6F89E1}"
EndProject
Project("{FAE04EC0-301F-11D3-BF4B-00C04F79EFBC}") = "001_Exception", "001_Exception\001_Exception.csproj", "{9C9AEE7B-4FA2-4B47-AD9A-5513E16ECFCC}"
EndProject
Project("{FAE04EC0-301F-11D3-BF4B-00C04F79EFBC}") = "002_ComponentesGraficos", "002_ComponentesGraficos\002_ComponentesGraficos.csproj", "{66C331BC-156E-4500-9C8C-83AD6977AB4C}"
EndProject
Global
	GlobalSection(SolutionConfigurationPlatforms) = preSolution
		Debug|Any CPU = Debug|Any CPU
		Release|Any CPU = Release|Any CPU
	EndGlobalSection
	GlobalSection(ProjectConfigurationPlatforms) = postSolution
		{F8D9E95E-3965-4736-AD7B-CD375A6F89E1}.Debug|Any CPU.ActiveCfg = Debug|Any CPU
		{F8D9E95E-3965-4736-AD7B-CD375A6F89E1}.Debug|Any CPU.Build.0 = Debug|Any CPU
		{F8D9E95E-3965-4736-AD7B-CD375A6F89E1}.Release|Any CPU.ActiveCfg = Release|Any CPU
		{F8D9E95E-3965-4736-AD7B-CD375A6F89E1}.Release|Any CPU.Build.0 = Release|Any CPU
		{9C9AEE7B-4FA2-4B47-AD9A-5513E16ECFCC}.Debug|Any CPU.ActiveCfg = Debug|Any CPU
		{9C9AEE7B-4FA2-4B47-AD9A-5513E16ECFCC}.Debug|Any CPU.Build.0 = Debug|Any CPU
		{9C9AEE7B-4FA2-4B47-AD9A-5513E16ECFCC}.Release|Any CPU.ActiveCfg = Release|Any CPU
		{9C9AEE7B-4FA2-4B47-AD9A-5513E16ECFCC}.Release|Any CPU.Build.0 = Release|Any CPU
		{66C331BC-156E-4500-9C8C-83AD6977AB4C}.Debug|Any CPU.ActiveCfg = Debug|Any CPU
		{66C331BC-156E-4500-9C8C-83AD6977AB4C}.Debug|Any CPU.Build.0 = Debug|Any CPU
		{66C331BC-156E-4500-9C8C-83AD6977AB4C}.Release|Any CPU.ActiveCfg = Release|Any CPU
		{66C331BC-156E-4500-9C8C-83AD6977AB4C}.Release|Any CPU.Build.0 = Release|Any CPU
	EndGlobalSection
	GlobalSection(SolutionProperties) = preSolution
		HideSolutionNode = FALSE
	EndGlobalSection
	GlobalSection(ExtensibilityGlobals) = postSolution
		SolutionGuid = {9905D9BE-E6CF-4C8D-8F23-C48B68E2EB84}
	EndGlobalSection
EndGlobal
